
Microsoft Visual Studio Solution File, Format Version 12.00
# Visual Studio Version 17
VisualStudioVersion = 17.4.33103.184
MinimumVisualStudioVersion = 10.0.40219.1
Project("{FAE04EC0-301F-11D3-BF4B-00C04F79EFBC}") = "SourceProject", "SourceProject\SourceProject.csproj", "{A8E4F2BE-E4E8-44A9-856F-10FC35238968}"
EndProject
Project("{FAE04EC0-301F-11D3-BF4B-00C04F79EFBC}") = "UnitTests", "UnitTests\UnitTests.csproj", "{265128CA-11B6-423A-BAE3-7170BF2FA745}"
EndProject
Global
	GlobalSection(SolutionConfigurationPlatforms) = preSolution
		Debug|Any CPU = Debug|Any CPU
		Release|Any CPU = Release|Any CPU
	EndGlobalSection
	GlobalSection(ProjectConfigurationPlatforms) = postSolution
		{A8E4F2BE-E4E8-44A9-856F-10FC35238968}.Debug|Any CPU.ActiveCfg = Debug|Any CPU
		{A8E4F2BE-E4E8-44A9-856F-10FC35238968}.Debug|Any CPU.Build.0 = Debug|Any CPU
		{A8E4F2BE-E4E8-44A9-856F-10FC35238968}.Release|Any CPU.ActiveCfg = Release|Any CPU
		{A8E4F2BE-E4E8-44A9-856F-10FC35238968}.Release|Any CPU.Build.0 = Release|Any CPU
		{265128CA-11B6-423A-BAE3-7170BF2FA745}.Debug|Any CPU.ActiveCfg = Debug|Any CPU
		{265128CA-11B6-423A-BAE3-7170BF2FA745}.Debug|Any CPU.Build.0 = Debug|Any CPU
		{265128CA-11B6-423A-BAE3-7170BF2FA745}.Release|Any CPU.ActiveCfg = Release|Any CPU
		{265128CA-11B6-423A-BAE3-7170BF2FA745}.Release|Any CPU.Build.0 = Release|Any CPU
	EndGlobalSection
	GlobalSection(SolutionProperties) = preSolution
		HideSolutionNode = FALSE
	EndGlobalSection
	GlobalSection(ExtensibilityGlobals) = postSolution
		SolutionGuid = {25D42D85-C061-4FE1-84EC-D2E5830A8C0A}
	EndGlobalSection
EndGlobal
